{
  "name": "Rubber2",
  "version": "1.0.0",
  "lockfileVersion": 2,
  "requires": true,
  "packages": {
    "": {
      "name": "Rubber2",
      "version": "1.0.0",
      "license": "GPL",
      "dependencies": {
        "colorfulimg": "^1.0.2",
        "weex-bindingx": "^0.0.49",
        "weex-ui": "^0.8.6",
        "weex-vue-render": "^0.10.3"
      }
    },
    "node_modules/animation-util": {
      "version": "1.0.11",
      "license": "MIT",
      "dependencies": {
        "object-assign": "^4.1.1"
      }
    },
    "node_modules/bindingx-parser": {
      "version": "0.0.3",
      "license": "Apache-2.0"
    },
    "node_modules/bindingx-web-polyfill": {
      "version": "0.1.18",
      "license": "Apache-2.0",
      "dependencies": {
        "animation-util": "^1.0.10",
        "object-assign": "^4.1.1",
        "simple-lodash": "^0.0.3"
      }
    },
    "node_modules/bindingx-web-polyfill/node_modules/simple-lodash": {
      "version": "0.0.3",
      "license": "MIT"
    },
    "node_modules/colorfulimg": {
      "version": "1.0.2",
      "license": "MIT"
    },
    "node_modules/core-js": {
      "version": "2.6.12",
      "hasInstallScript": true,
      "license": "MIT"
    },
    "node_modules/envd": {
      "version": "0.1.2",
      "engines": {
        "node": ">= 0.8.0"
      }
    },
    "node_modules/httpurl": {
      "version": "0.1.2",
      "engines": {
        "node": ">= 0.8.0"
      }
    },
    "node_modules/object-assign": {
      "version": "4.1.1",
      "license": "MIT",
      "engines": {
        "node": ">=0.10.0"
      }
    },
    "node_modules/query-string": {
      "version": "4.3.4",
      "license": "MIT",
      "dependencies": {
        "object-assign": "^4.1.0",
        "strict-uri-encode": "^1.0.0"
      },
      "engines": {
        "node": ">=0.10.0"
      }
    },
    "node_modules/querystringify": {
      "version": "2.1.1",
      "license": "MIT"
    },
    "node_modules/requires-port": {
      "version": "1.0.0",
      "license": "MIT"
    },
    "node_modules/simple-lodash": {
      "version": "0.0.2",
      "license": "MIT"
    },
    "node_modules/strict-uri-encode": {
      "version": "1.1.0",
      "license": "MIT",
      "engines": {
        "node": ">=0.10.0"
      }
    },
    "node_modules/universal-env": {
      "version": "0.6.6",
      "license": "BSD-3-Clause"
    },
    "node_modules/url-parse": {
      "version": "1.4.7",
      "license": "MIT",
      "dependencies": {
        "querystringify": "^2.1.1",
        "requires-port": "^1.0.0"
      }
    },
    "node_modules/vue": {
      "version": "2.6.14",
      "license": "MIT"
    },
    "node_modules/weex-bindingx": {
      "version": "0.0.49",
      "license": "Apache-2.0",
      "dependencies": {
        "bindingx-parser": "0.x.x",
        "bindingx-web-polyfill": "0.x.x",
        "object-assign": "^4.1.1",
        "simple-lodash": "^0.0.2",
        "universal-env": "0.x.x"
      }
    },
    "node_modules/weex-ui": {
      "version": "0.8.6",
      "license": "Apache-2.0",
      "dependencies": {
        "url-parse": "^1.4.3",
        "weex-bindingx": "0.0.17"
      }
    },
    "node_modules/weex-ui/node_modules/weex-bindingx": {
      "version": "0.0.17",
      "license": "Apache-2.0",
      "dependencies": {
        "bindingx-parser": "0.x.x",
        "bindingx-web-polyfill": "0.x.x",
        "object-assign": "^4.1.1",
        "simple-lodash": "^0.0.2",
        "universal-env": "0.x.x"
      }
    },
    "node_modules/weex-vue-render": {
      "version": "0.10.4",
      "license": "Apache-2.0",
      "dependencies": {
        "core-js": "^2.4.1",
        "envd": "^0.1.1",
        "httpurl": "^0.1.1",
        "query-string": "^4.3.2",
        "vue": "^2.1.5"
      }
    }
  },
  "dependencies": {
    "animation-util": {
      "version": "1.0.11",
      "requires": {
        "object-assign": "^4.1.1"
      }
    },
    "bindingx-parser": {
      "version": "0.0.3"
    },
    "bindingx-web-polyfill": {
      "version": "0.1.18",
      "requires": {
        "animation-util": "^1.0.10",
        "object-assign": "^4.1.1",
        "simple-lodash": "^0.0.3"
      },
      "dependencies": {
        "simple-lodash": {
          "version": "0.0.3"
        }
      }
    },
    "colorfulimg": {
      "version": "1.0.2"
    },
    "core-js": {
      "version": "2.6.12"
    },
    "envd": {
      "version": "0.1.2"
    },
    "httpurl": {
      "version": "0.1.2"
    },
    "object-assign": {
      "version": "4.1.1"
    },
    "query-string": {
      "version": "4.3.4",
      "requires": {
        "object-assign": "^4.1.0",
        "strict-uri-encode": "^1.0.0"
      }
    },
    "querystringify": {
      "version": "2.1.1"
    },
    "requires-port": {
      "version": "1.0.0"
    },
    "simple-lodash": {
      "version": "0.0.2"
    },
    "strict-uri-encode": {
      "version": "1.1.0"
    },
    "universal-env": {
      "version": "0.6.6"
    },
    "url-parse": {
      "version": "1.4.7",
      "requires": {
        "querystringify": "^2.1.1",
        "requires-port": "^1.0.0"
      }
    },
    "vue": {
      "version": "2.6.14"
    },
    "weex-bindingx": {
      "version": "0.0.49",
      "requires": {
        "bindingx-parser": "0.x.x",
        "bindingx-web-polyfill": "0.x.x",
        "object-assign": "^4.1.1",
        "simple-lodash": "^0.0.2",
        "universal-env": "0.x.x"
      }
    },
    "weex-ui": {
      "version": "0.8.6",
      "requires": {
        "url-parse": "^1.4.3",
        "weex-bindingx": "0.0.17"
      },
      "dependencies": {
        "weex-bindingx": {
          "version": "0.0.17",
          "requires": {
            "bindingx-parser": "0.x.x",
            "bindingx-web-polyfill": "0.x.x",
            "object-assign": "^4.1.1",
            "simple-lodash": "^0.0.2",
            "universal-env": "0.x.x"
          }
        }
      }
    },
    "weex-vue-render": {
      "version": "0.10.4",
      "requires": {
        "core-js": "^2.4.1",
        "envd": "^0.1.1",
        "httpurl": "^0.1.1",
        "query-string": "^4.3.2",
        "vue": "^2.1.5"
      }
    }
  }
}
