{
  "name": "Rubber2",
  "version": "1.0.0",
  "lockfileVersion": 2,
  "requires": true,
  "packages": {
    "": {
      "name": "Rubber2",
      "version": "1.0.0",
      "license": "GPL",
      "dependencies": {
        "weex-bindingx": "^0.0.49",
        "weex-ui": "^0.8.6",
        "weex-vue-render": "^0.10.3"
      }
    },
    "node_modules/animation-util": {
      "version": "1.0.11",
      "resolved": "https://registry.npmjs.org/animation-util/-/animation-util-1.0.11.tgz",
      "integrity": "sha512-m9/BXJyPWuD02FvtGSxxh0EzjqGyZ2vxolBLos6ybaQpD8sQLVjmcptbl3cPL7C2fNkU7BPh+TZHK687Mny7/Q==",
      "dependencies": {
        "object-assign": "^4.1.1"
      }
    },
    "node_modules/bindingx-parser": {
      "version": "0.0.3",
      "resolved": "https://registry.npmjs.org/bindingx-parser/-/bindingx-parser-0.0.3.tgz",
      "integrity": "sha512-HPRn/9B+EN9C0zh2uhUTMGiBsQ12JcLoDB4xWnVloeRR4s+Cdd2gLAfhgrG10fqyxypMx/INVTotYchSpqXnnw=="
    },
    "node_modules/bindingx-web-polyfill": {
      "version": "0.1.18",
      "resolved": "https://registry.npmjs.org/bindingx-web-polyfill/-/bindingx-web-polyfill-0.1.18.tgz",
      "integrity": "sha512-ASiQQdqEipF1VTmL6U47YWsTSF+KMJARaqkqycoJ2ZsB2/iOZHjI+owYQ09Mq8TJ+GVRhoySmGUh9j2XSWEo0g==",
      "dependencies": {
        "animation-util": "^1.0.10",
        "object-assign": "^4.1.1",
        "simple-lodash": "^0.0.3"
      }
    },
    "node_modules/bindingx-web-polyfill/node_modules/simple-lodash": {
      "version": "0.0.3",
      "resolved": "https://registry.npmjs.org/simple-lodash/-/simple-lodash-0.0.3.tgz",
      "integrity": "sha512-z1E8o+8lTFHyL4DKecuAQ2UgwWbgVUTJ7iyglCsMz4wGscQ/+A0CqIIz8ZOcTpUbMc4yc+Bwk5Gn+2cuvIRnLQ=="
    },
    "node_modules/core-js": {
      "version": "2.6.12",
      "resolved": "https://registry.npmmirror.com/core-js/download/core-js-2.6.12.tgz",
      "integrity": "sha1-2TM9+nsGXjR8xWgiGdb2kIWcwuw=",
      "deprecated": "core-js@<3.3 is no longer maintained and not recommended for usage due to the number of issues. Because of the V8 engine whims, feature detection in old core-js versions could cause a slowdown up to 100x even if nothing is polyfilled. Please, upgrade your dependencies to the actual version of core-js.",
      "hasInstallScript": true
    },
    "node_modules/envd": {
      "version": "0.1.2",
      "resolved": "https://registry.npm.taobao.org/envd/download/envd-0.1.2.tgz",
      "integrity": "sha1-be1HGBunhulEwTYr5BCkk80XpGQ=",
      "engines": {
        "node": ">= 0.8.0"
      }
    },
    "node_modules/httpurl": {
      "version": "0.1.2",
      "resolved": "https://registry.npm.taobao.org/httpurl/download/httpurl-0.1.2.tgz",
      "integrity": "sha1-O9nIJoKRlLht8xGEkPZMTxlUt5A=",
      "engines": {
        "node": ">= 0.8.0"
      }
    },
    "node_modules/object-assign": {
      "version": "4.1.1",
      "resolved": "https://registry.npmjs.org/object-assign/-/object-assign-4.1.1.tgz",
      "integrity": "sha1-IQmtx5ZYh8/AXLvUQsrIv7s2CGM=",
      "engines": {
        "node": ">=0.10.0"
      }
    },
    "node_modules/query-string": {
      "version": "4.3.4",
      "resolved": "https://registry.nlark.com/query-string/download/query-string-4.3.4.tgz?cache=0&other_urls=https%3A%2F%2Fregistry.nlark.com%2Fquery-string%2Fdownload%2Fquery-string-4.3.4.tgz",
      "integrity": "sha1-u7aTucqRXCMlFbIosaArYJBD2+s=",
      "dependencies": {
        "object-assign": "^4.1.0",
        "strict-uri-encode": "^1.0.0"
      },
      "engines": {
        "node": ">=0.10.0"
      }
    },
    "node_modules/querystringify": {
      "version": "2.1.1",
      "resolved": "https://registry.npmjs.org/querystringify/-/querystringify-2.1.1.tgz",
      "integrity": "sha512-w7fLxIRCRT7U8Qu53jQnJyPkYZIaR4n5151KMfcJlO/A9397Wxb1amJvROTK6TOnp7PfoAmg/qXiNHI+08jRfA=="
    },
    "node_modules/requires-port": {
      "version": "1.0.0",
      "resolved": "https://registry.npmjs.org/requires-port/-/requires-port-1.0.0.tgz",
      "integrity": "sha1-kl0mAdOaxIXgkc8NpcbmlNw9yv8="
    },
    "node_modules/simple-lodash": {
      "version": "0.0.2",
      "resolved": "https://registry.npmjs.org/simple-lodash/-/simple-lodash-0.0.2.tgz",
      "integrity": "sha512-BuCCKYqzrgfAWEyaVbGKGqsdYon9DFNPKlyH+7Nvci3i+HXy5fPkbOdLjWTJEY1MPkRvvAPWhu31d1YkBidVYw=="
    },
    "node_modules/strict-uri-encode": {
      "version": "1.1.0",
      "resolved": "https://registry.npm.taobao.org/strict-uri-encode/download/strict-uri-encode-1.1.0.tgz",
      "integrity": "sha1-J5siXfHVgrH1TmWt3UNS4Y+qBxM=",
      "engines": {
        "node": ">=0.10.0"
      }
    },
    "node_modules/universal-env": {
      "version": "0.6.6",
      "resolved": "https://registry.npmjs.org/universal-env/-/universal-env-0.6.6.tgz",
      "integrity": "sha512-CqBdTKFStTEV7wETHjWm7CDIbSdUxIlN3zQ5xraTG6Wb1XEmBgyW1pu8lJW0buRXjACgjrD+pr97akumbQ0Y6A=="
    },
    "node_modules/url-parse": {
      "version": "1.4.7",
      "resolved": "https://registry.npmjs.org/url-parse/-/url-parse-1.4.7.tgz",
      "integrity": "sha512-d3uaVyzDB9tQoSXFvuSUNFibTd9zxd2bkVrDRvF5TmvWWQwqE4lgYJ5m+x1DbecWkw+LK4RNl2CU1hHuOKPVlg==",
      "dependencies": {
        "querystringify": "^2.1.1",
        "requires-port": "^1.0.0"
      }
    },
    "node_modules/vue": {
      "version": "2.6.14",
      "resolved": "https://registry.npmmirror.com/vue/download/vue-2.6.14.tgz",
      "integrity": "sha1-5RqlJQJQ1Wmj+606ilpofWA24jU="
    },
    "node_modules/weex-bindingx": {
      "version": "0.0.49",
      "resolved": "https://registry.npm.taobao.org/weex-bindingx/download/weex-bindingx-0.0.49.tgz",
      "integrity": "sha1-h4/LcX+2oifA+NQJi6HhPT4EYJQ=",
      "dependencies": {
        "bindingx-parser": "0.x.x",
        "bindingx-web-polyfill": "0.x.x",
        "object-assign": "^4.1.1",
        "simple-lodash": "^0.0.2",
        "universal-env": "0.x.x"
      }
    },
    "node_modules/weex-ui": {
      "version": "0.8.6",
      "resolved": "https://registry.nlark.com/weex-ui/download/weex-ui-0.8.6.tgz",
      "integrity": "sha1-DBti5M90sFz9D1mdUVOECnxY4qY=",
      "dependencies": {
        "url-parse": "^1.4.3",
        "weex-bindingx": "0.0.17"
      }
    },
    "node_modules/weex-ui/node_modules/weex-bindingx": {
      "version": "0.0.17",
      "resolved": "https://registry.npm.taobao.org/weex-bindingx/download/weex-bindingx-0.0.17.tgz",
      "integrity": "sha1-CJhlBsTsmY+IZPDEY1umRsCREZk=",
      "dependencies": {
        "bindingx-parser": "0.x.x",
        "bindingx-web-polyfill": "0.x.x",
        "object-assign": "^4.1.1",
        "simple-lodash": "^0.0.2",
        "universal-env": "0.x.x"
      }
    },
    "node_modules/weex-vue-render": {
      "version": "0.10.4",
      "resolved": "https://registry.nlark.com/weex-vue-render/download/weex-vue-render-0.10.4.tgz",
      "integrity": "sha1-agz1hv8jUIiqCNJQOErNUgnFIh8=",
      "dependencies": {
        "core-js": "^2.4.1",
        "envd": "^0.1.1",
        "httpurl": "^0.1.1",
        "query-string": "^4.3.2",
        "vue": "^2.1.5"
      }
    }
  },
  "dependencies": {
    "animation-util": {
      "version": "1.0.11",
      "resolved": "https://registry.npmjs.org/animation-util/-/animation-util-1.0.11.tgz",
      "integrity": "sha512-m9/BXJyPWuD02FvtGSxxh0EzjqGyZ2vxolBLos6ybaQpD8sQLVjmcptbl3cPL7C2fNkU7BPh+TZHK687Mny7/Q==",
      "requires": {
        "object-assign": "^4.1.1"
      }
    },
    "bindingx-parser": {
      "version": "0.0.3",
      "resolved": "https://registry.npmjs.org/bindingx-parser/-/bindingx-parser-0.0.3.tgz",
      "integrity": "sha512-HPRn/9B+EN9C0zh2uhUTMGiBsQ12JcLoDB4xWnVloeRR4s+Cdd2gLAfhgrG10fqyxypMx/INVTotYchSpqXnnw=="
    },
    "bindingx-web-polyfill": {
      "version": "0.1.18",
      "resolved": "https://registry.npmjs.org/bindingx-web-polyfill/-/bindingx-web-polyfill-0.1.18.tgz",
      "integrity": "sha512-ASiQQdqEipF1VTmL6U47YWsTSF+KMJARaqkqycoJ2ZsB2/iOZHjI+owYQ09Mq8TJ+GVRhoySmGUh9j2XSWEo0g==",
      "requires": {
        "animation-util": "^1.0.10",
        "object-assign": "^4.1.1",
        "simple-lodash": "^0.0.3"
      },
      "dependencies": {
        "simple-lodash": {
          "version": "0.0.3",
          "resolved": "https://registry.npmjs.org/simple-lodash/-/simple-lodash-0.0.3.tgz",
          "integrity": "sha512-z1E8o+8lTFHyL4DKecuAQ2UgwWbgVUTJ7iyglCsMz4wGscQ/+A0CqIIz8ZOcTpUbMc4yc+Bwk5Gn+2cuvIRnLQ=="
        }
      }
    },
    "core-js": {
      "version": "2.6.12",
      "resolved": "https://registry.npmmirror.com/core-js/download/core-js-2.6.12.tgz",
      "integrity": "sha1-2TM9+nsGXjR8xWgiGdb2kIWcwuw="
    },
    "envd": {
      "version": "0.1.2",
      "resolved": "https://registry.npm.taobao.org/envd/download/envd-0.1.2.tgz",
      "integrity": "sha1-be1HGBunhulEwTYr5BCkk80XpGQ="
    },
    "httpurl": {
      "version": "0.1.2",
      "resolved": "https://registry.npm.taobao.org/httpurl/download/httpurl-0.1.2.tgz",
      "integrity": "sha1-O9nIJoKRlLht8xGEkPZMTxlUt5A="
    },
    "object-assign": {
      "version": "4.1.1",
      "resolved": "https://registry.npmjs.org/object-assign/-/object-assign-4.1.1.tgz",
      "integrity": "sha1-IQmtx5ZYh8/AXLvUQsrIv7s2CGM="
    },
    "query-string": {
      "version": "4.3.4",
      "resolved": "https://registry.nlark.com/query-string/download/query-string-4.3.4.tgz?cache=0&other_urls=https%3A%2F%2Fregistry.nlark.com%2Fquery-string%2Fdownload%2Fquery-string-4.3.4.tgz",
      "integrity": "sha1-u7aTucqRXCMlFbIosaArYJBD2+s=",
      "requires": {
        "object-assign": "^4.1.0",
        "strict-uri-encode": "^1.0.0"
      }
    },
    "querystringify": {
      "version": "2.1.1",
      "resolved": "https://registry.npmjs.org/querystringify/-/querystringify-2.1.1.tgz",
      "integrity": "sha512-w7fLxIRCRT7U8Qu53jQnJyPkYZIaR4n5151KMfcJlO/A9397Wxb1amJvROTK6TOnp7PfoAmg/qXiNHI+08jRfA=="
    },
    "requires-port": {
      "version": "1.0.0",
      "resolved": "https://registry.npmjs.org/requires-port/-/requires-port-1.0.0.tgz",
      "integrity": "sha1-kl0mAdOaxIXgkc8NpcbmlNw9yv8="
    },
    "simple-lodash": {
      "version": "0.0.2",
      "resolved": "https://registry.npmjs.org/simple-lodash/-/simple-lodash-0.0.2.tgz",
      "integrity": "sha512-BuCCKYqzrgfAWEyaVbGKGqsdYon9DFNPKlyH+7Nvci3i+HXy5fPkbOdLjWTJEY1MPkRvvAPWhu31d1YkBidVYw=="
    },
    "strict-uri-encode": {
      "version": "1.1.0",
      "resolved": "https://registry.npm.taobao.org/strict-uri-encode/download/strict-uri-encode-1.1.0.tgz",
      "integrity": "sha1-J5siXfHVgrH1TmWt3UNS4Y+qBxM="
    },
    "universal-env": {
      "version": "0.6.6",
      "resolved": "https://registry.npmjs.org/universal-env/-/universal-env-0.6.6.tgz",
      "integrity": "sha512-CqBdTKFStTEV7wETHjWm7CDIbSdUxIlN3zQ5xraTG6Wb1XEmBgyW1pu8lJW0buRXjACgjrD+pr97akumbQ0Y6A=="
    },
    "url-parse": {
      "version": "1.4.7",
      "resolved": "https://registry.npmjs.org/url-parse/-/url-parse-1.4.7.tgz",
      "integrity": "sha512-d3uaVyzDB9tQoSXFvuSUNFibTd9zxd2bkVrDRvF5TmvWWQwqE4lgYJ5m+x1DbecWkw+LK4RNl2CU1hHuOKPVlg==",
      "requires": {
        "querystringify": "^2.1.1",
        "requires-port": "^1.0.0"
      }
    },
    "vue": {
      "version": "2.6.14",
      "resolved": "https://registry.npmmirror.com/vue/download/vue-2.6.14.tgz",
      "integrity": "sha1-5RqlJQJQ1Wmj+606ilpofWA24jU="
    },
    "weex-bindingx": {
      "version": "0.0.49",
      "resolved": "https://registry.npm.taobao.org/weex-bindingx/download/weex-bindingx-0.0.49.tgz",
      "integrity": "sha1-h4/LcX+2oifA+NQJi6HhPT4EYJQ=",
      "requires": {
        "bindingx-parser": "0.x.x",
        "bindingx-web-polyfill": "0.x.x",
        "object-assign": "^4.1.1",
        "simple-lodash": "^0.0.2",
        "universal-env": "0.x.x"
      }
    },
    "weex-ui": {
      "version": "0.8.6",
      "resolved": "https://registry.nlark.com/weex-ui/download/weex-ui-0.8.6.tgz",
      "integrity": "sha1-DBti5M90sFz9D1mdUVOECnxY4qY=",
      "requires": {
        "url-parse": "^1.4.3",
        "weex-bindingx": "0.0.17"
      },
      "dependencies": {
        "weex-bindingx": {
          "version": "0.0.17",
          "resolved": "https://registry.npm.taobao.org/weex-bindingx/download/weex-bindingx-0.0.17.tgz",
          "integrity": "sha1-CJhlBsTsmY+IZPDEY1umRsCREZk=",
          "requires": {
            "bindingx-parser": "0.x.x",
            "bindingx-web-polyfill": "0.x.x",
            "object-assign": "^4.1.1",
            "simple-lodash": "^0.0.2",
            "universal-env": "0.x.x"
          }
        }
      }
    },
    "weex-vue-render": {
      "version": "0.10.4",
      "resolved": "https://registry.nlark.com/weex-vue-render/download/weex-vue-render-0.10.4.tgz",
      "integrity": "sha1-agz1hv8jUIiqCNJQOErNUgnFIh8=",
      "requires": {
        "core-js": "^2.4.1",
        "envd": "^0.1.1",
        "httpurl": "^0.1.1",
        "query-string": "^4.3.2",
        "vue": "^2.1.5"
      }
    }
  }
}
